PODS:
  - AFNetworking (3.1.0):
    - AFNetworking/NSURLSession (= 3.1.0)
    - AFNetworking/Reachability (= 3.1.0)
    - AFNetworking/Security (= 3.1.0)
    - AFNetworking/Serialization (= 3.1.0)
    - AFNetworking/UIKit (= 3.1.0)
  - AFNetworking/NSURLSession (3.1.0):
    - AFNetworking/Reachability
    - AFNetworking/Security
    - AFNetworking/Serialization
  - AFNetworking/Reachability (3.1.0)
  - AFNetworking/Security (3.1.0)
  - AFNetworking/Serialization (3.1.0)
  - AFNetworking/UIKit (3.1.0):
    - AFNetworking/NSURLSession
  - MSOSDK (0.1.0):
    - MSOSDK/Categories (= 0.1.0)
    - MSOSDK/Constants (= 0.1.0)
    - MSOSDK/External (= 0.1.0)
    - MSOSDK/Master (= 0.1.0)
    - MSOSDK/Networking (= 0.1.0)
    - MSOSDK/Objects (= 0.1.0)
  - MSOSDK/Categories (0.1.0)
  - MSOSDK/Constants (0.1.0)
  - MSOSDK/External (0.1.0)
  - MSOSDK/Master (0.1.0):
    - AFNetworking
    - MSOSDK/Categories
    - MSOSDK/External
  - MSOSDK/Networking (0.1.0):
    - MSOSDK/Categories
    - MSOSDK/External
    - MSOSDK/Master
    - MSOSDK/Objects
  - MSOSDK/Objects (0.1.0):
    - MSOSDK/Constants
  - SMXMLDocument (1.1)

DEPENDENCIES:
  - MSOSDK (from `../`)
  - SMXMLDocument

EXTERNAL SOURCES:
  MSOSDK:
    :path: "../"

SPEC CHECKSUMS:
  AFNetworking: 5e0e199f73d8626b11e79750991f5d173d1f8b67
  MSOSDK: 89e2324119997a807784499333debd38e9fa2690
  SMXMLDocument: e0d9fbf726a2a0921871b492966458acb3ad9689

PODFILE CHECKSUM: 6f6ee4b534c06be7643f98f84f3b1f29ca5e7955

COCOAPODS: 1.1.1
